
Microsoft Visual Studio Solution File, Format Version 12.00
# Visual Studio Version 16
VisualStudioVersion = 16.0.30320.27
MinimumVisualStudioVersion = 10.0.40219.1
Project("{FAE04EC0-301F-11D3-BF4B-00C04F79EFBC}") = "ThreeSistersHotel", "ThreeSistersHotel\ThreeSistersHotel.csproj", "{6AB556CB-29DC-4B92-918B-7C7695027A77}"
EndProject
Global
	GlobalSection(SolutionConfigurationPlatforms) = preSolution
		Debug|Any CPU = Debug|Any CPU
		Release|Any CPU = Release|Any CPU
	EndGlobalSection
	GlobalSection(ProjectConfigurationPlatforms) = postSolution
		{6AB556CB-29DC-4B92-918B-7C7695027A77}.Debug|Any CPU.ActiveCfg = Debug|Any CPU
		{6AB556CB-29DC-4B92-918B-7C7695027A77}.Debug|Any CPU.Build.0 = Debug|Any CPU
		{6AB556CB-29DC-4B92-918B-7C7695027A77}.Release|Any CPU.ActiveCfg = Release|Any CPU
		{6AB556CB-29DC-4B92-918B-7C7695027A77}.Release|Any CPU.Build.0 = Release|Any CPU
	EndGlobalSection
	GlobalSection(SolutionProperties) = preSolution
		HideSolutionNode = FALSE
	EndGlobalSection
	GlobalSection(ExtensibilityGlobals) = postSolution
		SolutionGuid = {B0BD1AA6-34CE-4992-827A-74BEB4AB845D}
	EndGlobalSection
EndGlobal
